
Microsoft Visual Studio Solution File, Format Version 12.00
# Visual Studio Version 17
VisualStudioVersion = 17.0.31903.59
MinimumVisualStudioVersion = 10.0.40219.1
Project("{2150E333-8FDC-42A3-9474-1A3956D46DE8}") = "src", "src", "{380F82EF-D11F-4A8B-A4A4-C70E7AD50947}"
EndProject
Project("{FAE04EC0-301F-11D3-BF4B-00C04F79EFBC}") = "HoangNgocCMS.Web", "src\HoangNgocCMS.Web\HoangNgocCMS.Web.csproj", "{FED4F782-1407-40A1-943C-86AEFBC3759B}"
EndProject
Project("{FAE04EC0-301F-11D3-BF4B-00C04F79EFBC}") = "HoangNgoc.Application.Targets", "src\HoangNgoc.Application.Targets\HoangNgoc.Application.Targets.csproj", "{D164ED99-F751-42D0-BC8E-2FEEA67B4905}"
EndProject
Project("{2150E333-8FDC-42A3-9474-1A3956D46DE8}") = "HoangNgoc.Modules", "HoangNgoc.Modules", "{9043A4BD-AEBD-40A2-99D3-A3EF23698A39}"
EndProject
Project("{FAE04EC0-301F-11D3-BF4B-00C04F79EFBC}") = "HoangNgoc.Core", "src\HoangNgoc.Modules\HoangNgoc.Core\HoangNgoc.Core.csproj", "{76A629D6-FEC0-4099-B3F1-1E903D9D64DD}"
EndProject
Project("{FAE04EC0-301F-11D3-BF4B-00C04F79EFBC}") = "HoangNgoc.News", "src\HoangNgoc.Modules\HoangNgoc.News\HoangNgoc.News.csproj", "{DD3E8655-AC9C-4299-B1F9-62105A7E0E2B}"
EndProject
Project("{FAE04EC0-301F-11D3-BF4B-00C04F79EFBC}") = "HoangNgoc.Authentication", "src\HoangNgoc.Modules\HoangNgoc.Authentication\HoangNgoc.Authentication.csproj", "{7EB7FF6E-CCD0-4221-BB2C-8D407EC0C614}"
EndProject
Project("{FAE04EC0-301F-11D3-BF4B-00C04F79EFBC}") = "HoangNgoc.Comment", "src\HoangNgoc.Modules\HoangNgoc.Comment\HoangNgoc.Comment.csproj", "{F9E72FA7-1360-4288-B81A-B09441C52405}"
EndProject
Project("{FAE04EC0-301F-11D3-BF4B-00C04F79EFBC}") = "HoangNgoc.Training", "src\HoangNgoc.Modules\HoangNgoc.Training\HoangNgoc.Training.csproj", "{968A3F41-7763-4E01-9690-CB162F6344E8}"
EndProject
Project("{FAE04EC0-301F-11D3-BF4B-00C04F79EFBC}") = "HoangNgoc.Payment", "src\HoangNgoc.Modules\HoangNgoc.Payment\HoangNgoc.Payment.csproj", "{73C66F5C-EA31-40A3-B6C6-C3874A0A5C41}"
EndProject
Project("{FAE04EC0-301F-11D3-BF4B-00C04F79EFBC}") = "HoangNgoc.Application", "src\HoangNgoc.Modules\HoangNgoc.Application\HoangNgoc.Application.csproj", "{963EB88A-B0F9-443C-A136-6CDA1245A587}"
EndProject
Project("{FAE04EC0-301F-11D3-BF4B-00C04F79EFBC}") = "HoangNgoc.Simple", "src\HoangNgoc.Modules\HoangNgoc.Simple\HoangNgoc.Simple.csproj", "{91F4CFDD-7F1D-4EB5-BC90-EC3398B68549}"
EndProject
Project("{2150E333-8FDC-42A3-9474-1A3956D46DE8}") = "HoangNgoc.Themes", "HoangNgoc.Themes", "{B63436F4-AE96-46C2-A798-71C949405815}"
EndProject
Project("{FAE04EC0-301F-11D3-BF4B-00C04F79EFBC}") = "HoangNgoc", "src\HoangNgoc.Themes\HoangNgoc\HoangNgoc.csproj", "{3E6A494E-377E-46BB-8AA7-D68DD7ACDFBA}"
EndProject
Global
	GlobalSection(SolutionConfigurationPlatforms) = preSolution
		Debug|Any CPU = Debug|Any CPU
		Release|Any CPU = Release|Any CPU
	EndGlobalSection
	GlobalSection(SolutionProperties) = preSolution
		HideSolutionNode = FALSE
	EndGlobalSection
	GlobalSection(ProjectConfigurationPlatforms) = postSolution
		{FED4F782-1407-40A1-943C-86AEFBC3759B}.Debug|Any CPU.ActiveCfg = Debug|Any CPU
		{FED4F782-1407-40A1-943C-86AEFBC3759B}.Debug|Any CPU.Build.0 = Debug|Any CPU
		{FED4F782-1407-40A1-943C-86AEFBC3759B}.Release|Any CPU.ActiveCfg = Release|Any CPU
		{FED4F782-1407-40A1-943C-86AEFBC3759B}.Release|Any CPU.Build.0 = Release|Any CPU
		{D164ED99-F751-42D0-BC8E-2FEEA67B4905}.Debug|Any CPU.ActiveCfg = Debug|Any CPU
		{D164ED99-F751-42D0-BC8E-2FEEA67B4905}.Debug|Any CPU.Build.0 = Debug|Any CPU
		{D164ED99-F751-42D0-BC8E-2FEEA67B4905}.Release|Any CPU.ActiveCfg = Release|Any CPU
		{D164ED99-F751-42D0-BC8E-2FEEA67B4905}.Release|Any CPU.Build.0 = Release|Any CPU
		{76A629D6-FEC0-4099-B3F1-1E903D9D64DD}.Debug|Any CPU.ActiveCfg = Debug|Any CPU
		{76A629D6-FEC0-4099-B3F1-1E903D9D64DD}.Debug|Any CPU.Build.0 = Debug|Any CPU
		{76A629D6-FEC0-4099-B3F1-1E903D9D64DD}.Release|Any CPU.ActiveCfg = Release|Any CPU
		{76A629D6-FEC0-4099-B3F1-1E903D9D64DD}.Release|Any CPU.Build.0 = Release|Any CPU
		{DD3E8655-AC9C-4299-B1F9-62105A7E0E2B}.Debug|Any CPU.ActiveCfg = Debug|Any CPU
		{DD3E8655-AC9C-4299-B1F9-62105A7E0E2B}.Debug|Any CPU.Build.0 = Debug|Any CPU
		{DD3E8655-AC9C-4299-B1F9-62105A7E0E2B}.Release|Any CPU.ActiveCfg = Release|Any CPU
		{DD3E8655-AC9C-4299-B1F9-62105A7E0E2B}.Release|Any CPU.Build.0 = Release|Any CPU
		{7EB7FF6E-CCD0-4221-BB2C-8D407EC0C614}.Debug|Any CPU.ActiveCfg = Debug|Any CPU
		{7EB7FF6E-CCD0-4221-BB2C-8D407EC0C614}.Debug|Any CPU.Build.0 = Debug|Any CPU
		{7EB7FF6E-CCD0-4221-BB2C-8D407EC0C614}.Release|Any CPU.ActiveCfg = Release|Any CPU
		{7EB7FF6E-CCD0-4221-BB2C-8D407EC0C614}.Release|Any CPU.Build.0 = Release|Any CPU
		{F9E72FA7-1360-4288-B81A-B09441C52405}.Debug|Any CPU.ActiveCfg = Debug|Any CPU
		{F9E72FA7-1360-4288-B81A-B09441C52405}.Debug|Any CPU.Build.0 = Debug|Any CPU
		{F9E72FA7-1360-4288-B81A-B09441C52405}.Release|Any CPU.ActiveCfg = Release|Any CPU
		{F9E72FA7-1360-4288-B81A-B09441C52405}.Release|Any CPU.Build.0 = Release|Any CPU
		{968A3F41-7763-4E01-9690-CB162F6344E8}.Debug|Any CPU.ActiveCfg = Debug|Any CPU
		{968A3F41-7763-4E01-9690-CB162F6344E8}.Debug|Any CPU.Build.0 = Debug|Any CPU
		{968A3F41-7763-4E01-9690-CB162F6344E8}.Release|Any CPU.ActiveCfg = Release|Any CPU
		{968A3F41-7763-4E01-9690-CB162F6344E8}.Release|Any CPU.Build.0 = Release|Any CPU
		{73C66F5C-EA31-40A3-B6C6-C3874A0A5C41}.Debug|Any CPU.ActiveCfg = Debug|Any CPU
		{73C66F5C-EA31-40A3-B6C6-C3874A0A5C41}.Debug|Any CPU.Build.0 = Debug|Any CPU
		{73C66F5C-EA31-40A3-B6C6-C3874A0A5C41}.Release|Any CPU.ActiveCfg = Release|Any CPU
		{73C66F5C-EA31-40A3-B6C6-C3874A0A5C41}.Release|Any CPU.Build.0 = Release|Any CPU
		{963EB88A-B0F9-443C-A136-6CDA1245A587}.Debug|Any CPU.ActiveCfg = Debug|Any CPU
		{963EB88A-B0F9-443C-A136-6CDA1245A587}.Debug|Any CPU.Build.0 = Debug|Any CPU
		{963EB88A-B0F9-443C-A136-6CDA1245A587}.Release|Any CPU.ActiveCfg = Release|Any CPU
		{963EB88A-B0F9-443C-A136-6CDA1245A587}.Release|Any CPU.Build.0 = Release|Any CPU
		{91F4CFDD-7F1D-4EB5-BC90-EC3398B68549}.Debug|Any CPU.ActiveCfg = Debug|Any CPU
		{91F4CFDD-7F1D-4EB5-BC90-EC3398B68549}.Debug|Any CPU.Build.0 = Debug|Any CPU
		{91F4CFDD-7F1D-4EB5-BC90-EC3398B68549}.Release|Any CPU.ActiveCfg = Release|Any CPU
		{91F4CFDD-7F1D-4EB5-BC90-EC3398B68549}.Release|Any CPU.Build.0 = Release|Any CPU
		{3E6A494E-377E-46BB-8AA7-D68DD7ACDFBA}.Debug|Any CPU.ActiveCfg = Debug|Any CPU
		{3E6A494E-377E-46BB-8AA7-D68DD7ACDFBA}.Debug|Any CPU.Build.0 = Debug|Any CPU
		{3E6A494E-377E-46BB-8AA7-D68DD7ACDFBA}.Release|Any CPU.ActiveCfg = Release|Any CPU
		{3E6A494E-377E-46BB-8AA7-D68DD7ACDFBA}.Release|Any CPU.Build.0 = Release|Any CPU
	EndGlobalSection
	GlobalSection(NestedProjects) = preSolution
		{FED4F782-1407-40A1-943C-86AEFBC3759B} = {380F82EF-D11F-4A8B-A4A4-C70E7AD50947}
		{D164ED99-F751-42D0-BC8E-2FEEA67B4905} = {380F82EF-D11F-4A8B-A4A4-C70E7AD50947}
		{9043A4BD-AEBD-40A2-99D3-A3EF23698A39} = {380F82EF-D11F-4A8B-A4A4-C70E7AD50947}
		{76A629D6-FEC0-4099-B3F1-1E903D9D64DD} = {9043A4BD-AEBD-40A2-99D3-A3EF23698A39}
		{DD3E8655-AC9C-4299-B1F9-62105A7E0E2B} = {9043A4BD-AEBD-40A2-99D3-A3EF23698A39}
		{7EB7FF6E-CCD0-4221-BB2C-8D407EC0C614} = {9043A4BD-AEBD-40A2-99D3-A3EF23698A39}
		{F9E72FA7-1360-4288-B81A-B09441C52405} = {9043A4BD-AEBD-40A2-99D3-A3EF23698A39}
		{968A3F41-7763-4E01-9690-CB162F6344E8} = {9043A4BD-AEBD-40A2-99D3-A3EF23698A39}
		{73C66F5C-EA31-40A3-B6C6-C3874A0A5C41} = {9043A4BD-AEBD-40A2-99D3-A3EF23698A39}
		{963EB88A-B0F9-443C-A136-6CDA1245A587} = {9043A4BD-AEBD-40A2-99D3-A3EF23698A39}
		{91F4CFDD-7F1D-4EB5-BC90-EC3398B68549} = {9043A4BD-AEBD-40A2-99D3-A3EF23698A39}
		{B63436F4-AE96-46C2-A798-71C949405815} = {380F82EF-D11F-4A8B-A4A4-C70E7AD50947}
		{3E6A494E-377E-46BB-8AA7-D68DD7ACDFBA} = {B63436F4-AE96-46C2-A798-71C949405815}
	EndGlobalSection
EndGlobal
