
Microsoft Visual Studio Solution File, Format Version 12.00
# Visual Studio Version 17
VisualStudioVersion = 17.0.31903.59
MinimumVisualStudioVersion = 10.0.40219.1
Project("{2150E333-8FDC-42A3-9474-1A3956D46DE8}") = "src", "src", "{D155D090-77DB-4D2F-9723-830598204223}"
EndProject
Project("{FAE04EC0-301F-11D3-BF4B-00C04F79EFBC}") = "HoangNgocCMS.Web", "src\HoangNgocCMS.Web\HoangNgocCMS.Web.csproj", "{2BA6A743-E0DE-4BE6-866C-1DF2D3801308}"
EndProject
Project("{FAE04EC0-301F-11D3-BF4B-00C04F79EFBC}") = "HoangNgoc.Application.Targets", "src\HoangNgoc.Application.Targets\HoangNgoc.Application.Targets.csproj", "{9D366A63-26E2-47A9-9ABE-3DF291D1B937}"
EndProject
Project("{2150E333-8FDC-42A3-9474-1A3956D46DE8}") = "HoangNgoc.Modules", "HoangNgoc.Modules", "{E7E36365-67E3-4B62-AE40-2A660099A48A}"
EndProject
Project("{FAE04EC0-301F-11D3-BF4B-00C04F79EFBC}") = "HoangNgoc.Core", "src\HoangNgoc.Modules\HoangNgoc.Core\HoangNgoc.Core.csproj", "{C78C9886-0B1E-4D52-8B5E-6E46CE6CE3CB}"
EndProject
Project("{FAE04EC0-301F-11D3-BF4B-00C04F79EFBC}") = "HoangNgoc.Authentication", "src\HoangNgoc.Modules\HoangNgoc.Authentication\HoangNgoc.Authentication.csproj", "{2A6FF263-6B40-4E24-BFD0-A563DE067283}"
EndProject
Project("{FAE04EC0-301F-11D3-BF4B-00C04F79EFBC}") = "HoangNgoc.Application", "src\HoangNgoc.Modules\HoangNgoc.Application\HoangNgoc.Application.csproj", "{10394360-42C5-4AB1-A7D3-F499342D025B}"
EndProject
Project("{FAE04EC0-301F-11D3-BF4B-00C04F79EFBC}") = "HoangNgoc.Comment", "src\HoangNgoc.Modules\HoangNgoc.Comment\HoangNgoc.Comment.csproj", "{2A89B44D-952F-4B63-A851-46D3C1AE1B3A}"
EndProject
Project("{FAE04EC0-301F-11D3-BF4B-00C04F79EFBC}") = "HoangNgoc.News", "src\HoangNgoc.Modules\HoangNgoc.News\HoangNgoc.News.csproj", "{3F61F443-D12D-4C39-AD9A-139F7169DE51}"
EndProject
Project("{FAE04EC0-301F-11D3-BF4B-00C04F79EFBC}") = "HoangNgoc.Payment", "src\HoangNgoc.Modules\HoangNgoc.Payment\HoangNgoc.Payment.csproj", "{8486DC49-1166-4550-9706-A992483A1446}"
EndProject
Project("{FAE04EC0-301F-11D3-BF4B-00C04F79EFBC}") = "HoangNgoc.Training", "src\HoangNgoc.Modules\HoangNgoc.Training\HoangNgoc.Training.csproj", "{4C081CBD-AD1A-4D44-A3A3-60917F6C6F87}"
EndProject
Project("{FAE04EC0-301F-11D3-BF4B-00C04F79EFBC}") = "HoangNgoc.Simple", "src\HoangNgoc.Modules\HoangNgoc.Simple\HoangNgoc.Simple.csproj", "{7C813C83-9EA7-47E8-91DB-8B0A714D8237}"
EndProject
Project("{2150E333-8FDC-42A3-9474-1A3956D46DE8}") = "HoangNgoc.Themes", "HoangNgoc.Themes", "{18F2AC76-F5F9-4A12-AA76-CA12891239D2}"
EndProject
Project("{FAE04EC0-301F-11D3-BF4B-00C04F79EFBC}") = "HoangNgoc", "src\HoangNgoc.Themes\HoangNgoc\HoangNgoc.csproj", "{96664293-1360-4432-934A-FED2FCE8C567}"
EndProject
Global
	GlobalSection(SolutionConfigurationPlatforms) = preSolution
		Debug|Any CPU = Debug|Any CPU
		Release|Any CPU = Release|Any CPU
	EndGlobalSection
	GlobalSection(SolutionProperties) = preSolution
		HideSolutionNode = FALSE
	EndGlobalSection
	GlobalSection(ProjectConfigurationPlatforms) = postSolution
		{2BA6A743-E0DE-4BE6-866C-1DF2D3801308}.Debug|Any CPU.ActiveCfg = Debug|Any CPU
		{2BA6A743-E0DE-4BE6-866C-1DF2D3801308}.Debug|Any CPU.Build.0 = Debug|Any CPU
		{2BA6A743-E0DE-4BE6-866C-1DF2D3801308}.Release|Any CPU.ActiveCfg = Release|Any CPU
		{2BA6A743-E0DE-4BE6-866C-1DF2D3801308}.Release|Any CPU.Build.0 = Release|Any CPU
		{9D366A63-26E2-47A9-9ABE-3DF291D1B937}.Debug|Any CPU.ActiveCfg = Debug|Any CPU
		{9D366A63-26E2-47A9-9ABE-3DF291D1B937}.Debug|Any CPU.Build.0 = Debug|Any CPU
		{9D366A63-26E2-47A9-9ABE-3DF291D1B937}.Release|Any CPU.ActiveCfg = Release|Any CPU
		{9D366A63-26E2-47A9-9ABE-3DF291D1B937}.Release|Any CPU.Build.0 = Release|Any CPU
		{C78C9886-0B1E-4D52-8B5E-6E46CE6CE3CB}.Debug|Any CPU.ActiveCfg = Debug|Any CPU
		{C78C9886-0B1E-4D52-8B5E-6E46CE6CE3CB}.Debug|Any CPU.Build.0 = Debug|Any CPU
		{C78C9886-0B1E-4D52-8B5E-6E46CE6CE3CB}.Release|Any CPU.ActiveCfg = Release|Any CPU
		{C78C9886-0B1E-4D52-8B5E-6E46CE6CE3CB}.Release|Any CPU.Build.0 = Release|Any CPU
		{2A6FF263-6B40-4E24-BFD0-A563DE067283}.Debug|Any CPU.ActiveCfg = Debug|Any CPU
		{2A6FF263-6B40-4E24-BFD0-A563DE067283}.Debug|Any CPU.Build.0 = Debug|Any CPU
		{2A6FF263-6B40-4E24-BFD0-A563DE067283}.Release|Any CPU.ActiveCfg = Release|Any CPU
		{2A6FF263-6B40-4E24-BFD0-A563DE067283}.Release|Any CPU.Build.0 = Release|Any CPU
		{10394360-42C5-4AB1-A7D3-F499342D025B}.Debug|Any CPU.ActiveCfg = Debug|Any CPU
		{10394360-42C5-4AB1-A7D3-F499342D025B}.Debug|Any CPU.Build.0 = Debug|Any CPU
		{10394360-42C5-4AB1-A7D3-F499342D025B}.Release|Any CPU.ActiveCfg = Release|Any CPU
		{10394360-42C5-4AB1-A7D3-F499342D025B}.Release|Any CPU.Build.0 = Release|Any CPU
		{2A89B44D-952F-4B63-A851-46D3C1AE1B3A}.Debug|Any CPU.ActiveCfg = Debug|Any CPU
		{2A89B44D-952F-4B63-A851-46D3C1AE1B3A}.Debug|Any CPU.Build.0 = Debug|Any CPU
		{2A89B44D-952F-4B63-A851-46D3C1AE1B3A}.Release|Any CPU.ActiveCfg = Release|Any CPU
		{2A89B44D-952F-4B63-A851-46D3C1AE1B3A}.Release|Any CPU.Build.0 = Release|Any CPU
		{3F61F443-D12D-4C39-AD9A-139F7169DE51}.Debug|Any CPU.ActiveCfg = Debug|Any CPU
		{3F61F443-D12D-4C39-AD9A-139F7169DE51}.Debug|Any CPU.Build.0 = Debug|Any CPU
		{3F61F443-D12D-4C39-AD9A-139F7169DE51}.Release|Any CPU.ActiveCfg = Release|Any CPU
		{3F61F443-D12D-4C39-AD9A-139F7169DE51}.Release|Any CPU.Build.0 = Release|Any CPU
		{8486DC49-1166-4550-9706-A992483A1446}.Debug|Any CPU.ActiveCfg = Debug|Any CPU
		{8486DC49-1166-4550-9706-A992483A1446}.Debug|Any CPU.Build.0 = Debug|Any CPU
		{8486DC49-1166-4550-9706-A992483A1446}.Release|Any CPU.ActiveCfg = Release|Any CPU
		{8486DC49-1166-4550-9706-A992483A1446}.Release|Any CPU.Build.0 = Release|Any CPU
		{4C081CBD-AD1A-4D44-A3A3-60917F6C6F87}.Debug|Any CPU.ActiveCfg = Debug|Any CPU
		{4C081CBD-AD1A-4D44-A3A3-60917F6C6F87}.Debug|Any CPU.Build.0 = Debug|Any CPU
		{4C081CBD-AD1A-4D44-A3A3-60917F6C6F87}.Release|Any CPU.ActiveCfg = Release|Any CPU
		{4C081CBD-AD1A-4D44-A3A3-60917F6C6F87}.Release|Any CPU.Build.0 = Release|Any CPU
		{7C813C83-9EA7-47E8-91DB-8B0A714D8237}.Debug|Any CPU.ActiveCfg = Debug|Any CPU
		{7C813C83-9EA7-47E8-91DB-8B0A714D8237}.Debug|Any CPU.Build.0 = Debug|Any CPU
		{7C813C83-9EA7-47E8-91DB-8B0A714D8237}.Release|Any CPU.ActiveCfg = Release|Any CPU
		{7C813C83-9EA7-47E8-91DB-8B0A714D8237}.Release|Any CPU.Build.0 = Release|Any CPU
		{96664293-1360-4432-934A-FED2FCE8C567}.Debug|Any CPU.ActiveCfg = Debug|Any CPU
		{96664293-1360-4432-934A-FED2FCE8C567}.Debug|Any CPU.Build.0 = Debug|Any CPU
		{96664293-1360-4432-934A-FED2FCE8C567}.Release|Any CPU.ActiveCfg = Release|Any CPU
		{96664293-1360-4432-934A-FED2FCE8C567}.Release|Any CPU.Build.0 = Release|Any CPU
	EndGlobalSection
	GlobalSection(NestedProjects) = preSolution
		{2BA6A743-E0DE-4BE6-866C-1DF2D3801308} = {D155D090-77DB-4D2F-9723-830598204223}
		{9D366A63-26E2-47A9-9ABE-3DF291D1B937} = {D155D090-77DB-4D2F-9723-830598204223}
		{E7E36365-67E3-4B62-AE40-2A660099A48A} = {D155D090-77DB-4D2F-9723-830598204223}
		{C78C9886-0B1E-4D52-8B5E-6E46CE6CE3CB} = {E7E36365-67E3-4B62-AE40-2A660099A48A}
		{2A6FF263-6B40-4E24-BFD0-A563DE067283} = {E7E36365-67E3-4B62-AE40-2A660099A48A}
		{10394360-42C5-4AB1-A7D3-F499342D025B} = {E7E36365-67E3-4B62-AE40-2A660099A48A}
		{2A89B44D-952F-4B63-A851-46D3C1AE1B3A} = {E7E36365-67E3-4B62-AE40-2A660099A48A}
		{3F61F443-D12D-4C39-AD9A-139F7169DE51} = {E7E36365-67E3-4B62-AE40-2A660099A48A}
		{8486DC49-1166-4550-9706-A992483A1446} = {E7E36365-67E3-4B62-AE40-2A660099A48A}
		{4C081CBD-AD1A-4D44-A3A3-60917F6C6F87} = {E7E36365-67E3-4B62-AE40-2A660099A48A}
		{7C813C83-9EA7-47E8-91DB-8B0A714D8237} = {E7E36365-67E3-4B62-AE40-2A660099A48A}
		{18F2AC76-F5F9-4A12-AA76-CA12891239D2} = {D155D090-77DB-4D2F-9723-830598204223}
		{96664293-1360-4432-934A-FED2FCE8C567} = {18F2AC76-F5F9-4A12-AA76-CA12891239D2}
	EndGlobalSection
EndGlobal
